
Microsoft Visual Studio Solution File, Format Version 12.00
# Visual Studio Version 17
VisualStudioVersion = 17.11.35219.272
MinimumVisualStudioVersion = 10.0.40219.1
Project("{9A19103F-16F7-4668-BE54-9A1E7A4F7556}") = "RoticeriaBlazor", "RoticeriaBlazor.csproj", "{00D340A2-B105-4A69-B1FC-D0930929683E}"
EndProject
Global
	GlobalSection(SolutionConfigurationPlatforms) = preSolution
		Debug|Any CPU = Debug|Any CPU
		Release|Any CPU = Release|Any CPU
	EndGlobalSection
	GlobalSection(ProjectConfigurationPlatforms) = postSolution
		{00D340A2-B105-4A69-B1FC-D0930929683E}.Debug|Any CPU.ActiveCfg = Debug|Any CPU
		{00D340A2-B105-4A69-B1FC-D0930929683E}.Debug|Any CPU.Build.0 = Debug|Any CPU
		{00D340A2-B105-4A69-B1FC-D0930929683E}.Release|Any CPU.ActiveCfg = Release|Any CPU
		{00D340A2-B105-4A69-B1FC-D0930929683E}.Release|Any CPU.Build.0 = Release|Any CPU
	EndGlobalSection
	GlobalSection(SolutionProperties) = preSolution
		HideSolutionNode = FALSE
	EndGlobalSection
	GlobalSection(ExtensibilityGlobals) = postSolution
		SolutionGuid = {1D08EFBF-7141-4D77-AFAE-91BE5BBCB0A4}
	EndGlobalSection
EndGlobal
